
Microsoft Visual Studio Solution File, Format Version 12.00
# Visual Studio Version 17
VisualStudioVersion = 17.10.35004.147
MinimumVisualStudioVersion = 10.0.40219.1
Project("{FAE04EC0-301F-11D3-BF4B-00C04F79EFBC}") = "MesaLivre", "MesaLivre.csproj", "{537DC81F-B848-4A90-AD7A-FF568DD47873}"
EndProject
Global
	GlobalSection(SolutionConfigurationPlatforms) = preSolution
		Debug|Any CPU = Debug|Any CPU
		Release|Any CPU = Release|Any CPU
	EndGlobalSection
	GlobalSection(ProjectConfigurationPlatforms) = postSolution
		{537DC81F-B848-4A90-AD7A-FF568DD47873}.Debug|Any CPU.ActiveCfg = Debug|Any CPU
		{537DC81F-B848-4A90-AD7A-FF568DD47873}.Debug|Any CPU.Build.0 = Debug|Any CPU
		{537DC81F-B848-4A90-AD7A-FF568DD47873}.Release|Any CPU.ActiveCfg = Release|Any CPU
		{537DC81F-B848-4A90-AD7A-FF568DD47873}.Release|Any CPU.Build.0 = Release|Any CPU
	EndGlobalSection
	GlobalSection(SolutionProperties) = preSolution
		HideSolutionNode = FALSE
	EndGlobalSection
	GlobalSection(ExtensibilityGlobals) = postSolution
		SolutionGuid = {C9B144A2-39AA-46DA-9D80-D67CE095BA84}
	EndGlobalSection
EndGlobal
